PATH
  remote: vendor/card-mods
  specs:
    card-mod-new_relic (1.1)
      card
      decko
      newrelic_rpm

PATH
  remote: vendor/decko-cap
  specs:
    decko-cap (0.1)
      airbrussh
      bcrypt_pbkdf
      capistrano
      capistrano-bundler
      capistrano-git-with-submodules (~> 2.0)
      capistrano-maintenance
      capistrano-passenger
      capistrano-rvm
      ed25519

PATH
  remote: vendor/decko
  specs:
    card (1.100.1)
      activerecord-import (~> 1.0)
      bootstrap4-kaminari-views (~> 1.0)
      cardname (= 0.10.1)
      coderay (~> 1.1)
      coffee-script (~> 2.4)
      colorize (~> 0.8)
      diff-lcs (~> 1.3)
      haml (~> 5.0)
      jwt (~> 2.2)
      kaminari (~> 1.0)
      rails (~> 6)
      rake (<= 12.3.0)
      sassc (~> 2.0)
      sprockets (~> 3.7)
      uglifier (~> 3.2)
      uuid (~> 2.3)
    card-mod-account (0.10.1)
      card (= 1.100.1)
    card-mod-ace_editor (0.10.1)
      card (= 1.100.1)
      card-mod-edit (= 0.10.1)
    card-mod-bootstrap (0.10.1)
      card (= 1.100.1)
      card-mod-edit (= 0.10.1)
    card-mod-carrierwave (0.10.1)
      card (= 1.100.1)
      card-mod-history (= 0.10.1)
      carrierwave (= 2.0.2)
      mini_magick (~> 4.2)
    card-mod-date (0.10.1)
      card (= 1.100.1)
    card-mod-defaults (0.10.1)
      card (= 1.100.1)
      card-mod-account (= 0.10.1)
      card-mod-ace_editor (= 0.10.1)
      card-mod-bootstrap (= 0.10.1)
      card-mod-carrierwave (= 0.10.1)
      card-mod-date (= 0.10.1)
      card-mod-delayed_job (= 0.10.1)
      card-mod-follow (= 0.10.1)
      card-mod-google_analytics (= 0.10.1)
      card-mod-history (= 0.10.1)
      card-mod-markdown (= 0.10.1)
      card-mod-prosemirror_editor (= 0.10.1)
      card-mod-recaptcha (= 0.10.1)
      card-mod-tinymce_editor (= 0.10.1)
    card-mod-delayed_job (0.10.1)
      card (= 1.100.1)
      daemons
      delayed_job_active_record (>= 4.1)
      delayed_job_web
    card-mod-edit (0.10.1)
      card (= 1.100.1)
    card-mod-follow (0.10.1)
      card (= 1.100.1)
      card-mod-carrierwave (= 0.10.1)
    card-mod-google_analytics (0.10.1)
      card (= 1.100.1)
    card-mod-history (0.10.1)
      card (= 1.100.1)
    card-mod-markdown (0.10.1)
      card (= 1.100.1)
      kramdown
    card-mod-monkey (0.10.1)
      better_errors
      card (= 1.100.1)
      colorize
      html2haml
      pry-byebug
      pry-rails
      pry-rescue
      pry-stack_explorer
      rubocop (= 0.88)
    card-mod-prosemirror_editor (0.10.1)
      card (= 1.100.1)
      card-mod-edit (= 0.10.1)
    card-mod-recaptcha (0.10.1)
      card (= 1.100.1)
      recaptcha (~> 4.13.1)
    card-mod-tinymce_editor (0.10.1)
      card (= 1.100.1)
      card-mod-edit (= 0.10.1)
    cardname (0.10.1)
      activesupport (~> 6)
      htmlentities (~> 4.3)
    decko (0.10.1)
      card (= 1.100.1)

GEM
  remote: http://rubygems.org/
  specs:
    actioncable (6.0.3.4)
      actionpack (= 6.0.3.4)
      nio4r (~> 2.0)
      websocket-driver (>= 0.6.1)
    actionmailbox (6.0.3.4)
      actionpack (= 6.0.3.4)
      activejob (= 6.0.3.4)
      activerecord (= 6.0.3.4)
      activestorage (= 6.0.3.4)
      activesupport (= 6.0.3.4)
      mail (>= 2.7.1)
    actionmailer (6.0.3.4)
      actionpack (= 6.0.3.4)
      actionview (= 6.0.3.4)
      activejob (= 6.0.3.4)
      mail (~> 2.5, >= 2.5.4)
      rails-dom-testing (~> 2.0)
    actionpack (6.0.3.4)
      actionview (= 6.0.3.4)
      activesupport (= 6.0.3.4)
      rack (~> 2.0, >= 2.0.8)
      rack-test (>= 0.6.3)
      rails-dom-testing (~> 2.0)
      rails-html-sanitizer (~> 1.0, >= 1.2.0)
    actiontext (6.0.3.4)
      actionpack (= 6.0.3.4)
      activerecord (= 6.0.3.4)
      activestorage (= 6.0.3.4)
      activesupport (= 6.0.3.4)
      nokogiri (>= 1.8.5)
    actionview (6.0.3.4)
      activesupport (= 6.0.3.4)
      builder (~> 3.1)
      erubi (~> 1.4)
      rails-dom-testing (~> 2.0)
      rails-html-sanitizer (~> 1.1, >= 1.2.0)
    activejob (6.0.3.4)
      activesupport (= 6.0.3.4)
      globalid (>= 0.3.6)
    activemodel (6.0.3.4)
      activesupport (= 6.0.3.4)
    activerecord (6.0.3.4)
      activemodel (= 6.0.3.4)
      activesupport (= 6.0.3.4)
    activerecord-import (1.0.6)
      activerecord (>= 3.2)
    activestorage (6.0.3.4)
      actionpack (= 6.0.3.4)
      activejob (= 6.0.3.4)
      activerecord (= 6.0.3.4)
      marcel (~> 0.3.1)
    activesupport (6.0.3.4)
      concurrent-ruby (~> 1.0, >= 1.0.2)
      i18n (>= 0.7, < 2)
      minitest (~> 5.1)
      tzinfo (~> 1.1)
      zeitwerk (~> 2.2, >= 2.2.2)
    addressable (2.7.0)
      public_suffix (>= 2.0.2, < 5.0)
    airbrussh (1.4.0)
      sshkit (>= 1.6.1, != 1.7.0)
    ast (2.4.1)
    bcrypt_pbkdf (1.0.1)
    better_errors (2.8.3)
      coderay (>= 1.0.0)
      erubi (>= 1.0.0)
      rack (>= 0.9.0)
    binding_of_caller (0.8.0)
      debug_inspector (>= 0.0.1)
    bootstrap4-kaminari-views (1.0.1)
      kaminari (>= 0.13)
      rails (>= 3.1)
    builder (3.2.4)
    byebug (11.1.3)
    capistrano (3.14.1)
      airbrussh (>= 1.0.0)
      i18n
      rake (>= 10.0.0)
      sshkit (>= 1.9.0)
    capistrano-bundler (2.0.1)
      capistrano (~> 3.1)
    capistrano-git-with-submodules (2.0.4)
      capistrano (~> 3.7)
    capistrano-maintenance (1.2.1)
      capistrano (>= 3.0)
    capistrano-passenger (0.2.0)
      capistrano (~> 3.0)
    capistrano-rvm (0.1.2)
      capistrano (~> 3.0)
      sshkit (~> 1.2)
    carrierwave (2.0.2)
      activemodel (>= 5.0.0)
      activesupport (>= 5.0.0)
      addressable (~> 2.6)
      image_processing (~> 1.1)
      mimemagic (>= 0.3.0)
      mini_mime (>= 0.1.3)
    coderay (1.1.3)
    coffee-script (2.4.1)
      coffee-script-source
      execjs
    coffee-script-source (1.12.2)
    colorize (0.8.1)
    concurrent-ruby (1.1.7)
    crass (1.0.6)
    daemons (1.3.1)
    dalli (2.7.11)
    debug_inspector (0.0.3)
    delayed_job (4.1.8)
      activesupport (>= 3.0, < 6.1)
    delayed_job_active_record (4.1.4)
      activerecord (>= 3.0, < 6.1)
      delayed_job (>= 3.0, < 5)
    delayed_job_web (1.4.3)
      activerecord (> 3.0.0)
      delayed_job (> 2.0.3)
      rack-protection (>= 1.5.5)
      sinatra (>= 1.4.4)
    diff-lcs (1.4.4)
    ed25519 (1.2.4)
    erubi (1.9.0)
    erubis (2.7.0)
    execjs (2.7.0)
    ffi (1.13.1)
    globalid (0.4.2)
      activesupport (>= 4.2.0)
    haml (5.2.0)
      temple (>= 0.8.0)
      tilt
    html2haml (2.2.0)
      erubis (~> 2.7.0)
      haml (>= 4.0, < 6)
      nokogiri (>= 1.6.0)
      ruby_parser (~> 3.5)
    htmlentities (4.3.4)
    i18n (1.8.5)
      concurrent-ruby (~> 1.0)
    image_processing (1.12.0)
      mini_magick (>= 4.9.5, < 5)
      ruby-vips (>= 2.0.17, < 3)
    interception (0.5)
    json (2.3.1)
    jwt (2.2.2)
    kaminari (1.2.1)
      activesupport (>= 4.1.0)
      kaminari-actionview (= 1.2.1)
      kaminari-activerecord (= 1.2.1)
      kaminari-core (= 1.2.1)
    kaminari-actionview (1.2.1)
      actionview
      kaminari-core (= 1.2.1)
    kaminari-activerecord (1.2.1)
      activerecord
      kaminari-core (= 1.2.1)
    kaminari-core (1.2.1)
    kramdown (2.3.0)
      rexml
    loofah (2.7.0)
      crass (~> 1.0.2)
      nokogiri (>= 1.5.9)
    macaddr (1.7.2)
      systemu (~> 2.6.5)
    mail (2.7.1)
      mini_mime (>= 0.1.1)
    marcel (0.3.3)
      mimemagic (~> 0.3.2)
    method_source (1.0.0)
    mimemagic (0.3.5)
    mini_magick (4.10.1)
    mini_mime (1.0.2)
    mini_portile2 (2.4.0)
    minitest (5.14.2)
    mustermann (1.1.1)
      ruby2_keywords (~> 0.0.1)
    mysql2 (0.5.3)
    net-scp (3.0.0)
      net-ssh (>= 2.6.5, < 7.0.0)
    net-ssh (6.1.0)
    newrelic_rpm (6.13.1)
    nio4r (2.5.4)
    nokogiri (1.10.10)
      mini_portile2 (~> 2.4.0)
    parallel (1.19.2)
    parser (2.7.2.0)
      ast (~> 2.4.1)
    pry (0.13.1)
      coderay (~> 1.1)
      method_source (~> 1.0)
    pry-byebug (3.9.0)
      byebug (~> 11.0)
      pry (~> 0.13.0)
    pry-rails (0.3.9)
      pry (>= 0.10.4)
    pry-rescue (1.5.2)
      interception (>= 0.5)
      pry (>= 0.12.0)
    pry-stack_explorer (0.5.1)
      binding_of_caller (~> 0.7)
      pry (~> 0.13)
    public_suffix (4.0.6)
    rack (2.2.3)
    rack-protection (2.1.0)
      rack
    rack-test (1.1.0)
      rack (>= 1.0, < 3)
    rails (6.0.3.4)
      actioncable (= 6.0.3.4)
      actionmailbox (= 6.0.3.4)
      actionmailer (= 6.0.3.4)
      actionpack (= 6.0.3.4)
      actiontext (= 6.0.3.4)
      actionview (= 6.0.3.4)
      activejob (= 6.0.3.4)
      activemodel (= 6.0.3.4)
      activerecord (= 6.0.3.4)
      activestorage (= 6.0.3.4)
      activesupport (= 6.0.3.4)
      bundler (>= 1.3.0)
      railties (= 6.0.3.4)
      sprockets-rails (>= 2.0.0)
    rails-dom-testing (2.0.3)
      activesupport (>= 4.2.0)
      nokogiri (>= 1.6)
    rails-html-sanitizer (1.3.0)
      loofah (~> 2.3)
    railties (6.0.3.4)
      actionpack (= 6.0.3.4)
      activesupport (= 6.0.3.4)
      method_source
      rake (>= 0.8.7)
      thor (>= 0.20.3, < 2.0)
    rainbow (3.0.0)
    rake (12.3.0)
    recaptcha (4.13.2)
      json
    regexp_parser (1.8.2)
    rexml (3.2.4)
    rubocop (0.88.0)
      parallel (~> 1.10)
      parser (>= 2.7.1.1)
      rainbow (>= 2.2.2, < 4.0)
      regexp_parser (>= 1.7)
      rexml
      rubocop-ast (>= 0.1.0, < 1.0)
      ruby-progressbar (~> 1.7)
      unicode-display_width (>= 1.4.0, < 2.0)
    rubocop-ast (0.7.1)
      parser (>= 2.7.1.5)
    ruby-progressbar (1.10.1)
    ruby-vips (2.0.17)
      ffi (~> 1.9)
    ruby2_keywords (0.0.2)
    ruby_parser (3.15.0)
      sexp_processor (~> 4.9)
    sassc (2.4.0)
      ffi (~> 1.9)
    sexp_processor (4.15.1)
    sinatra (2.1.0)
      mustermann (~> 1.0)
      rack (~> 2.2)
      rack-protection (= 2.1.0)
      tilt (~> 2.0)
    sprockets (3.7.2)
      concurrent-ruby (~> 1.0)
      rack (> 1, < 3)
    sprockets-rails (3.2.2)
      actionpack (>= 4.0)
      activesupport (>= 4.0)
      sprockets (>= 3.0.0)
    sshkit (1.21.0)
      net-scp (>= 1.1.2)
      net-ssh (>= 2.8.0)
    systemu (2.6.5)
    temple (0.8.2)
    thor (1.0.1)
    thread_safe (0.3.6)
    tilt (2.0.10)
    tzinfo (1.2.7)
      thread_safe (~> 0.1)
    uglifier (3.2.0)
      execjs (>= 0.3.0, < 3)
    unicode-display_width (1.7.0)
    uuid (2.3.9)
      macaddr (~> 1.0)
    websocket-driver (0.7.3)
      websocket-extensions (>= 0.1.0)
    websocket-extensions (0.1.5)
    yard (0.9.25)
    zeitwerk (2.4.0)

PLATFORMS
  ruby

DEPENDENCIES
  card-mod-defaults
  card-mod-delayed_job
  card-mod-monkey
  card-mod-new_relic!
  dalli
  decko!
  decko-cap!
  mysql2 (> 0.4)
  yard

BUNDLED WITH
   1.17.3
